
Microsoft Visual Studio Solution File, Format Version 12.00
# Visual Studio Version 17
VisualStudioVersion = 17.0.32112.339
MinimumVisualStudioVersion = 10.0.40219.1
Project("{FAE04EC0-301F-11D3-BF4B-00C04F79EFBC}") = "NuclearReactorTest", "NuclearReactorTest\NuclearReactorTest.csproj", "{AA6027D8-4530-45FA-B8C1-2A88880FAA8B}"
EndProject
Global
	GlobalSection(SolutionConfigurationPlatforms) = preSolution
		Debug|Any CPU = Debug|Any CPU
		Release|Any CPU = Release|Any CPU
	EndGlobalSection
	GlobalSection(ProjectConfigurationPlatforms) = postSolution
		{AA6027D8-4530-45FA-B8C1-2A88880FAA8B}.Debug|Any CPU.ActiveCfg = Debug|Any CPU
		{AA6027D8-4530-45FA-B8C1-2A88880FAA8B}.Debug|Any CPU.Build.0 = Debug|Any CPU
		{AA6027D8-4530-45FA-B8C1-2A88880FAA8B}.Release|Any CPU.ActiveCfg = Release|Any CPU
		{AA6027D8-4530-45FA-B8C1-2A88880FAA8B}.Release|Any CPU.Build.0 = Release|Any CPU
	EndGlobalSection
	GlobalSection(SolutionProperties) = preSolution
		HideSolutionNode = FALSE
	EndGlobalSection
	GlobalSection(ExtensibilityGlobals) = postSolution
		SolutionGuid = {23ABCD30-17AC-4E3E-8AC2-2AF1F9C1C181}
	EndGlobalSection
EndGlobal
